
Microsoft Visual Studio Solution File, Format Version 12.00
# Visual Studio 2012
Project("{8BC9CEB8-8B4A-11D0-8D11-00A0C91BC942}") = "VF_myVF2Algorithm1", "VF_myVF2Algorithm1\VF_myVF2Algorithm1.vcxproj", "{434AAD97-2372-4447-AB45-D48FBADAF16B}"
EndProject
Global
	GlobalSection(SolutionConfigurationPlatforms) = preSolution
		Debug|Win32 = Debug|Win32
		Release|Win32 = Release|Win32
	EndGlobalSection
	GlobalSection(ProjectConfigurationPlatforms) = postSolution
		{434AAD97-2372-4447-AB45-D48FBADAF16B}.Debug|Win32.ActiveCfg = Debug|Win32
		{434AAD97-2372-4447-AB45-D48FBADAF16B}.Debug|Win32.Build.0 = Debug|Win32
		{434AAD97-2372-4447-AB45-D48FBADAF16B}.Release|Win32.ActiveCfg = Release|Win32
		{434AAD97-2372-4447-AB45-D48FBADAF16B}.Release|Win32.Build.0 = Release|Win32
	EndGlobalSection
	GlobalSection(SolutionProperties) = preSolution
		HideSolutionNode = FALSE
	EndGlobalSection
EndGlobal
